
Microsoft Visual Studio Solution File, Format Version 12.00
# Visual Studio Version 16
VisualStudioVersion = 16.0.29503.13
MinimumVisualStudioVersion = 10.0.40219.1
Project("{FAE04EC0-301F-11D3-BF4B-00C04F79EFBC}") = "AppProgramacionCapas", "AppProgramacionCapas\AppProgramacionCapas.csproj", "{7DE4E26D-104F-405A-929E-60DA1FD2D480}"
EndProject
Project("{FAE04EC0-301F-11D3-BF4B-00C04F79EFBC}") = "AppIUWin", "AppIUWin\AppIUWin.csproj", "{D24ED628-B8DE-4191-BC14-1AD5E27356C1}"
EndProject
Project("{FAE04EC0-301F-11D3-BF4B-00C04F79EFBC}") = "AppPruebaFactorial", "AppPruebaFactorial\AppPruebaFactorial.csproj", "{569D35CD-6F8F-4BB5-A1DE-347488BA5EDA}"
EndProject
Global
	GlobalSection(SolutionConfigurationPlatforms) = preSolution
		Debug|Any CPU = Debug|Any CPU
		Release|Any CPU = Release|Any CPU
	EndGlobalSection
	GlobalSection(ProjectConfigurationPlatforms) = postSolution
		{7DE4E26D-104F-405A-929E-60DA1FD2D480}.Debug|Any CPU.ActiveCfg = Debug|Any CPU
		{7DE4E26D-104F-405A-929E-60DA1FD2D480}.Debug|Any CPU.Build.0 = Debug|Any CPU
		{7DE4E26D-104F-405A-929E-60DA1FD2D480}.Release|Any CPU.ActiveCfg = Release|Any CPU
		{7DE4E26D-104F-405A-929E-60DA1FD2D480}.Release|Any CPU.Build.0 = Release|Any CPU
		{D24ED628-B8DE-4191-BC14-1AD5E27356C1}.Debug|Any CPU.ActiveCfg = Debug|Any CPU
		{D24ED628-B8DE-4191-BC14-1AD5E27356C1}.Debug|Any CPU.Build.0 = Debug|Any CPU
		{D24ED628-B8DE-4191-BC14-1AD5E27356C1}.Release|Any CPU.ActiveCfg = Release|Any CPU
		{D24ED628-B8DE-4191-BC14-1AD5E27356C1}.Release|Any CPU.Build.0 = Release|Any CPU
		{569D35CD-6F8F-4BB5-A1DE-347488BA5EDA}.Debug|Any CPU.ActiveCfg = Debug|Any CPU
		{569D35CD-6F8F-4BB5-A1DE-347488BA5EDA}.Debug|Any CPU.Build.0 = Debug|Any CPU
		{569D35CD-6F8F-4BB5-A1DE-347488BA5EDA}.Release|Any CPU.ActiveCfg = Release|Any CPU
		{569D35CD-6F8F-4BB5-A1DE-347488BA5EDA}.Release|Any CPU.Build.0 = Release|Any CPU
	EndGlobalSection
	GlobalSection(SolutionProperties) = preSolution
		HideSolutionNode = FALSE
	EndGlobalSection
	GlobalSection(ExtensibilityGlobals) = postSolution
		SolutionGuid = {9A859CAA-333E-474E-AFF5-7C2384BC128B}
	EndGlobalSection
EndGlobal
